// !$*UTF8*$!
{
	archiveVersion = 1;
	classes = {
	};
	objectVersion = 56;
	objects = {

/* Begin PBXBuildFile section */
		0202B2562C58D8AF0017EAD8 /* HandyBasicColor.xcassets in Resources */ = {isa = PBXBuildFile; fileRef = E5669A422C443FE500DABC21 /* HandyBasicColor.xcassets */; };
		02150E4A2CC8D7AB00EE690E /* HandySnackbar.swift in Sources */ = {isa = PBXBuildFile; fileRef = 02150E492CC8D7AB00EE690E /* HandySnackbar.swift */; };
		02150E4C2CCABAEB00EE690E /* SnackbarViewController.swift in Sources */ = {isa = PBXBuildFile; fileRef = 02150E4B2CCABAE500EE690E /* SnackbarViewController.swift */; };
		021C77022CEA49A300AC7D7D /* HandyList.swift in Sources */ = {isa = PBXBuildFile; fileRef = 021C77012CEA49A300AC7D7D /* HandyList.swift */; };
		021C77042CEA504B00AC7D7D /* HandyListViewController.swift in Sources */ = {isa = PBXBuildFile; fileRef = 021C77032CEA504B00AC7D7D /* HandyListViewController.swift */; };
		022E22342CB60F8B004E57EA /* SnapKit in Frameworks */ = {isa = PBXBuildFile; productRef = 022E22332CB60F8B004E57EA /* SnapKit */; };
		025776352C4EA98C00272EC6 /* AppDelegate.swift in Sources */ = {isa = PBXBuildFile; fileRef = 025776342C4EA98C00272EC6 /* AppDelegate.swift */; };
		025776372C4EA98C00272EC6 /* SceneDelegate.swift in Sources */ = {isa = PBXBuildFile; fileRef = 025776362C4EA98C00272EC6 /* SceneDelegate.swift */; };
		025776392C4EA98C00272EC6 /* LabelViewController.swift in Sources */ = {isa = PBXBuildFile; fileRef = 025776382C4EA98C00272EC6 /* LabelViewController.swift */; };
		0257763E2C4EA98E00272EC6 /* Assets.xcassets in Resources */ = {isa = PBXBuildFile; fileRef = 0257763D2C4EA98E00272EC6 /* Assets.xcassets */; };
		025776412C4EA98E00272EC6 /* LaunchScreen.storyboard in Resources */ = {isa = PBXBuildFile; fileRef = 0257763F2C4EA98E00272EC6 /* LaunchScreen.storyboard */; };
		0257764A2C4EB68D00272EC6 /* Handy.framework in Frameworks */ = {isa = PBXBuildFile; fileRef = 02BDB7EF2C3E95580050FB67 /* Handy.framework */; };
		0257764B2C4EB68D00272EC6 /* Handy.framework in Embed Frameworks */ = {isa = PBXBuildFile; fileRef = 02BDB7EF2C3E95580050FB67 /* Handy.framework */; settings = {ATTRIBUTES = (CodeSignOnCopy, RemoveHeadersOnCopy, ); }; };
		025776542C4EB7BB00272EC6 /* Pretendard-Regular.otf in Resources */ = {isa = PBXBuildFile; fileRef = 025776512C4EB7BB00272EC6 /* Pretendard-Regular.otf */; };
		025776562C4EB7BB00272EC6 /* Pretendard-SemiBold.otf in Resources */ = {isa = PBXBuildFile; fileRef = 025776532C4EB7BB00272EC6 /* Pretendard-SemiBold.otf */; };
		025776592C4EB8BC00272EC6 /* Pretendard-Light.otf in Resources */ = {isa = PBXBuildFile; fileRef = 025776582C4EB8BC00272EC6 /* Pretendard-Light.otf */; };
		0257765D2C4EB9EF00272EC6 /* BaseViewController.swift in Sources */ = {isa = PBXBuildFile; fileRef = 0257765C2C4EB9EF00272EC6 /* BaseViewController.swift */; };
		02697A242C99D7230027A362 /* HandySwitch.swift in Sources */ = {isa = PBXBuildFile; fileRef = 02697A232C99D7230027A362 /* HandySwitch.swift */; };
		02697A262C99DDA30027A362 /* HansySwitchViewController.swift in Sources */ = {isa = PBXBuildFile; fileRef = 02697A252C99DDA30027A362 /* HansySwitchViewController.swift */; };
		029C44682C468F8300331F61 /* Pretendard-Light.otf in Resources */ = {isa = PBXBuildFile; fileRef = 029C44652C468F8300331F61 /* Pretendard-Light.otf */; };
		029C44692C468F8300331F61 /* Pretendard-Regular.otf in Resources */ = {isa = PBXBuildFile; fileRef = 029C44662C468F8300331F61 /* Pretendard-Regular.otf */; };
		029C446A2C468F8300331F61 /* Pretendard-SemiBold.otf in Resources */ = {isa = PBXBuildFile; fileRef = 029C44672C468F8300331F61 /* Pretendard-SemiBold.otf */; };
		029E47FD2C49FD1A00D2F3B7 /* HandyLabel.swift in Sources */ = {isa = PBXBuildFile; fileRef = 029E47FC2C49FD1A00D2F3B7 /* HandyLabel.swift */; };
		029E48002C49FD4000D2F3B7 /* HandyTypography.swift in Sources */ = {isa = PBXBuildFile; fileRef = 029E47FF2C49FD4000D2F3B7 /* HandyTypography.swift */; };
		02BCB2302CDF417500D0C796 /* HandyListItem.swift in Sources */ = {isa = PBXBuildFile; fileRef = 02BCB22F2CDF417500D0C796 /* HandyListItem.swift */; };
		02BDB7F32C3E95580050FB67 /* Handy.h in Headers */ = {isa = PBXBuildFile; fileRef = 02BDB7F22C3E95580050FB67 /* Handy.h */; settings = {ATTRIBUTES = (Public, ); }; };
		02BDB7FC2C3E99920050FB67 /* HandyFont.swift in Sources */ = {isa = PBXBuildFile; fileRef = 02BDB7FB2C3E99920050FB67 /* HandyFont.swift */; };
		02ED76312C5284BB001569F1 /* HandyButtonProtocol.swift in Sources */ = {isa = PBXBuildFile; fileRef = 02ED76302C5284BB001569F1 /* HandyButtonProtocol.swift */; };
		02ED76332C5284E6001569F1 /* HandyBoxButton.swift in Sources */ = {isa = PBXBuildFile; fileRef = 02ED76322C5284E6001569F1 /* HandyBoxButton.swift */; };
		02ED76352C5284F3001569F1 /* HandyTextButton.swift in Sources */ = {isa = PBXBuildFile; fileRef = 02ED76342C5284F3001569F1 /* HandyTextButton.swift */; };
		02ED764A2C5779C3001569F1 /* UIImage+.swift in Sources */ = {isa = PBXBuildFile; fileRef = 02ED76492C5779C3001569F1 /* UIImage+.swift */; };
		02ED764C2C57BD09001569F1 /* HandyBoxButtonViewController.swift in Sources */ = {isa = PBXBuildFile; fileRef = 02ED764B2C57BD09001569F1 /* HandyBoxButtonViewController.swift */; };
		2D41E8142C5A21930043161D /* FabViewController.swift in Sources */ = {isa = PBXBuildFile; fileRef = 2D41E8132C5A21930043161D /* FabViewController.swift */; };
		2D41E8162C5A21B50043161D /* HandyFab.swift in Sources */ = {isa = PBXBuildFile; fileRef = 2D41E8152C5A21B50043161D /* HandyFab.swift */; };
		6FD1A1802D213129001E6F2E /* TabsViewController.swift in Sources */ = {isa = PBXBuildFile; fileRef = 6FD1A17F2D21311C001E6F2E /* TabsViewController.swift */; };
		6FE73E942D23C52F00E06422 /* HandyTabs.swift in Sources */ = {isa = PBXBuildFile; fileRef = 6FE73E932D23C52C00E06422 /* HandyTabs.swift */; };
		6FE73E962D23C55900E06422 /* HandyTabComponent.swift in Sources */ = {isa = PBXBuildFile; fileRef = 6FE73E952D23C55900E06422 /* HandyTabComponent.swift */; };
		A56B3DE22C4E51D300C3610A /* HandyChip.swift in Sources */ = {isa = PBXBuildFile; fileRef = A56B3DE12C4E51D300C3610A /* HandyChip.swift */; };
		A5A12A7E2C57A6D900996916 /* ChipViewController.swift in Sources */ = {isa = PBXBuildFile; fileRef = A5A12A7C2C57A6C200996916 /* ChipViewController.swift */; };
		A5A12A7F2C57A92000996916 /* HandySematic.swift in Sources */ = {isa = PBXBuildFile; fileRef = E5D02AFC2C46C5A70056CE7B /* HandySematic.swift */; };
		A5A12A812C57A93C00996916 /* HandyPrimitive.swift in Sources */ = {isa = PBXBuildFile; fileRef = E5D02AFF2C480A180056CE7B /* HandyPrimitive.swift */; };
		A5A12A822C57A93F00996916 /* HandyBasicColor.swift in Sources */ = {isa = PBXBuildFile; fileRef = E5669A3E2C443E7300DABC21 /* HandyBasicColor.swift */; };
		A5F6D36B2C96F32D00FB961F /* HandyDivider.swift in Sources */ = {isa = PBXBuildFile; fileRef = A5F6D36A2C96F32D00FB961F /* HandyDivider.swift */; };
		A5F6D36D2C97099C00FB961F /* DividerViewController.swift in Sources */ = {isa = PBXBuildFile; fileRef = A5F6D36C2C97099C00FB961F /* DividerViewController.swift */; };
		E51FBF9B2C5399A00097B0DA /* CheckBoxViewController.swift in Sources */ = {isa = PBXBuildFile; fileRef = E51FBF9A2C5399A00097B0DA /* CheckBoxViewController.swift */; };
		E51FBF9C2C539BC10097B0DA /* HandyBasicColor.xcassets in Resources */ = {isa = PBXBuildFile; fileRef = E5669A422C443FE500DABC21 /* HandyBasicColor.xcassets */; };
		E51FBF9D2C539BC30097B0DA /* HandyIcon.xcassets in Resources */ = {isa = PBXBuildFile; fileRef = E5650D442C4E366F002790CC /* HandyIcon.xcassets */; };
		E51FBFA02C54CB260097B0DA /* HandyRadioButton.swift in Sources */ = {isa = PBXBuildFile; fileRef = E51FBF9F2C54CB260097B0DA /* HandyRadioButton.swift */; };
		E51FBFA22C54CD350097B0DA /* RadioButtonViewController.swift in Sources */ = {isa = PBXBuildFile; fileRef = E51FBFA12C54CD350097B0DA /* RadioButtonViewController.swift */; };
		E5650D432C4D326D002790CC /* HandyCheckBox.swift in Sources */ = {isa = PBXBuildFile; fileRef = E5650D422C4D326D002790CC /* HandyCheckBox.swift */; };
		E5650D452C4E366F002790CC /* HandyIcon.xcassets in Resources */ = {isa = PBXBuildFile; fileRef = E5650D442C4E366F002790CC /* HandyIcon.xcassets */; };
		E5650D472C512B07002790CC /* HandyIcon.swift in Sources */ = {isa = PBXBuildFile; fileRef = E5650D462C512B07002790CC /* HandyIcon.swift */; };
		E5669A3F2C443E7300DABC21 /* HandyBasicColor.swift in Sources */ = {isa = PBXBuildFile; fileRef = E5669A3E2C443E7300DABC21 /* HandyBasicColor.swift */; };
		E5D02AFD2C46C5A70056CE7B /* HandySematic.swift in Sources */ = {isa = PBXBuildFile; fileRef = E5D02AFC2C46C5A70056CE7B /* HandySematic.swift */; };
		E5D02AFE2C46C9980056CE7B /* HandyBasicColor.xcassets in Resources */ = {isa = PBXBuildFile; fileRef = E5669A422C443FE500DABC21 /* HandyBasicColor.xcassets */; };
		E5D02B002C480A180056CE7B /* HandyPrimitive.swift in Sources */ = {isa = PBXBuildFile; fileRef = E5D02AFF2C480A180056CE7B /* HandyPrimitive.swift */; };
/* End PBXBuildFile section */

/* Begin PBXContainerItemProxy section */
		0257764C2C4EB68D00272EC6 /* PBXContainerItemProxy */ = {
			isa = PBXContainerItemProxy;
			containerPortal = 02BDB7E62C3E95580050FB67 /* Project object */;
			proxyType = 1;
			remoteGlobalIDString = 02BDB7EE2C3E95580050FB67;
			remoteInfo = Handy;
		};
/* End PBXContainerItemProxy section */

/* Begin PBXCopyFilesBuildPhase section */
		0257764E2C4EB68D00272EC6 /* Embed Frameworks */ = {
			isa = PBXCopyFilesBuildPhase;
			buildActionMask = 2147483647;
			dstPath = "";
			dstSubfolderSpec = 10;
			files = (
				0257764B2C4EB68D00272EC6 /* Handy.framework in Embed Frameworks */,
			);
			name = "Embed Frameworks";
			runOnlyForDeploymentPostprocessing = 0;
		};
/* End PBXCopyFilesBuildPhase section */

/* Begin PBXFileReference section */
		02150E492CC8D7AB00EE690E /* HandySnackbar.swift */ = {isa = PBXFileReference; lastKnownFileType = sourcecode.swift; path = HandySnackbar.swift; sourceTree = "<group>"; };
		02150E4B2CCABAE500EE690E /* SnackbarViewController.swift */ = {isa = PBXFileReference; lastKnownFileType = sourcecode.swift; path = SnackbarViewController.swift; sourceTree = "<group>"; };
		021C77012CEA49A300AC7D7D /* HandyList.swift */ = {isa = PBXFileReference; lastKnownFileType = sourcecode.swift; path = HandyList.swift; sourceTree = "<group>"; };
		021C77032CEA504B00AC7D7D /* HandyListViewController.swift */ = {isa = PBXFileReference; lastKnownFileType = sourcecode.swift; path = HandyListViewController.swift; sourceTree = "<group>"; };
		025776322C4EA98C00272EC6 /* Handy-Storybook.app */ = {isa = PBXFileReference; explicitFileType = wrapper.application; includeInIndex = 0; path = "Handy-Storybook.app"; sourceTree = BUILT_PRODUCTS_DIR; };
		025776342C4EA98C00272EC6 /* AppDelegate.swift */ = {isa = PBXFileReference; lastKnownFileType = sourcecode.swift; path = AppDelegate.swift; sourceTree = "<group>"; };
		025776362C4EA98C00272EC6 /* SceneDelegate.swift */ = {isa = PBXFileReference; lastKnownFileType = sourcecode.swift; path = SceneDelegate.swift; sourceTree = "<group>"; };
		025776382C4EA98C00272EC6 /* LabelViewController.swift */ = {isa = PBXFileReference; lastKnownFileType = sourcecode.swift; path = LabelViewController.swift; sourceTree = "<group>"; };
		0257763D2C4EA98E00272EC6 /* Assets.xcassets */ = {isa = PBXFileReference; lastKnownFileType = folder.assetcatalog; path = Assets.xcassets; sourceTree = "<group>"; };
		025776402C4EA98E00272EC6 /* Base */ = {isa = PBXFileReference; lastKnownFileType = file.storyboard; name = Base; path = Base.lproj/LaunchScreen.storyboard; sourceTree = "<group>"; };
		025776422C4EA98E00272EC6 /* Info.plist */ = {isa = PBXFileReference; lastKnownFileType = text.plist.xml; path = Info.plist; sourceTree = "<group>"; };
		025776512C4EB7BB00272EC6 /* Pretendard-Regular.otf */ = {isa = PBXFileReference; lastKnownFileType = file; name = "Pretendard-Regular.otf"; path = "Handy-Storybook/Font/Pretendard-Regular.otf"; sourceTree = SOURCE_ROOT; };
		025776532C4EB7BB00272EC6 /* Pretendard-SemiBold.otf */ = {isa = PBXFileReference; lastKnownFileType = file; name = "Pretendard-SemiBold.otf"; path = "Handy-Storybook/Font/Pretendard-SemiBold.otf"; sourceTree = SOURCE_ROOT; };
		025776582C4EB8BC00272EC6 /* Pretendard-Light.otf */ = {isa = PBXFileReference; lastKnownFileType = file; path = "Pretendard-Light.otf"; sourceTree = "<group>"; };
		0257765C2C4EB9EF00272EC6 /* BaseViewController.swift */ = {isa = PBXFileReference; lastKnownFileType = sourcecode.swift; path = BaseViewController.swift; sourceTree = "<group>"; };
		02697A232C99D7230027A362 /* HandySwitch.swift */ = {isa = PBXFileReference; lastKnownFileType = sourcecode.swift; path = HandySwitch.swift; sourceTree = "<group>"; };
		02697A252C99DDA30027A362 /* HansySwitchViewController.swift */ = {isa = PBXFileReference; lastKnownFileType = sourcecode.swift; path = HansySwitchViewController.swift; sourceTree = "<group>"; };
		029C44652C468F8300331F61 /* Pretendard-Light.otf */ = {isa = PBXFileReference; lastKnownFileType = file; path = "Pretendard-Light.otf"; sourceTree = "<group>"; };
		029C44662C468F8300331F61 /* Pretendard-Regular.otf */ = {isa = PBXFileReference; lastKnownFileType = file; path = "Pretendard-Regular.otf"; sourceTree = "<group>"; };
		029C44672C468F8300331F61 /* Pretendard-SemiBold.otf */ = {isa = PBXFileReference; lastKnownFileType = file; path = "Pretendard-SemiBold.otf"; sourceTree = "<group>"; };
		029C44732C468FEA00331F61 /* Info.plist */ = {isa = PBXFileReference; lastKnownFileType = text.plist; path = Info.plist; sourceTree = "<group>"; };
		029E47FC2C49FD1A00D2F3B7 /* HandyLabel.swift */ = {isa = PBXFileReference; lastKnownFileType = sourcecode.swift; path = HandyLabel.swift; sourceTree = "<group>"; };
		029E47FF2C49FD4000D2F3B7 /* HandyTypography.swift */ = {isa = PBXFileReference; lastKnownFileType = sourcecode.swift; path = HandyTypography.swift; sourceTree = "<group>"; };
		02BCB22F2CDF417500D0C796 /* HandyListItem.swift */ = {isa = PBXFileReference; lastKnownFileType = sourcecode.swift; path = HandyListItem.swift; sourceTree = "<group>"; };
		02BDB7EF2C3E95580050FB67 /* Handy.framework */ = {isa = PBXFileReference; explicitFileType = wrapper.framework; includeInIndex = 0; path = Handy.framework; sourceTree = BUILT_PRODUCTS_DIR; };
		02BDB7F22C3E95580050FB67 /* Handy.h */ = {isa = PBXFileReference; lastKnownFileType = sourcecode.c.h; path = Handy.h; sourceTree = "<group>"; };
		02BDB7FB2C3E99920050FB67 /* HandyFont.swift */ = {isa = PBXFileReference; lastKnownFileType = sourcecode.swift; path = HandyFont.swift; sourceTree = "<group>"; };
		02ED76302C5284BB001569F1 /* HandyButtonProtocol.swift */ = {isa = PBXFileReference; lastKnownFileType = sourcecode.swift; path = HandyButtonProtocol.swift; sourceTree = "<group>"; };
		02ED76322C5284E6001569F1 /* HandyBoxButton.swift */ = {isa = PBXFileReference; lastKnownFileType = sourcecode.swift; path = HandyBoxButton.swift; sourceTree = "<group>"; };
		02ED76342C5284F3001569F1 /* HandyTextButton.swift */ = {isa = PBXFileReference; lastKnownFileType = sourcecode.swift; path = HandyTextButton.swift; sourceTree = "<group>"; };
		02ED76492C5779C3001569F1 /* UIImage+.swift */ = {isa = PBXFileReference; lastKnownFileType = sourcecode.swift; path = "UIImage+.swift"; sourceTree = "<group>"; };
		02ED764B2C57BD09001569F1 /* HandyBoxButtonViewController.swift */ = {isa = PBXFileReference; lastKnownFileType = sourcecode.swift; path = HandyBoxButtonViewController.swift; sourceTree = "<group>"; };
		2D41E8132C5A21930043161D /* FabViewController.swift */ = {isa = PBXFileReference; lastKnownFileType = sourcecode.swift; path = FabViewController.swift; sourceTree = "<group>"; };
		2D41E8152C5A21B50043161D /* HandyFab.swift */ = {isa = PBXFileReference; lastKnownFileType = sourcecode.swift; path = HandyFab.swift; sourceTree = "<group>"; };
		6FD1A17F2D21311C001E6F2E /* TabsViewController.swift */ = {isa = PBXFileReference; lastKnownFileType = sourcecode.swift; path = TabsViewController.swift; sourceTree = "<group>"; };
		6FE73E932D23C52C00E06422 /* HandyTabs.swift */ = {isa = PBXFileReference; lastKnownFileType = sourcecode.swift; path = HandyTabs.swift; sourceTree = "<group>"; };
		6FE73E952D23C55900E06422 /* HandyTabComponent.swift */ = {isa = PBXFileReference; lastKnownFileType = sourcecode.swift; path = HandyTabComponent.swift; sourceTree = "<group>"; };
		A56B3DE12C4E51D300C3610A /* HandyChip.swift */ = {isa = PBXFileReference; lastKnownFileType = sourcecode.swift; path = HandyChip.swift; sourceTree = "<group>"; };
		A5A12A7C2C57A6C200996916 /* ChipViewController.swift */ = {isa = PBXFileReference; lastKnownFileType = sourcecode.swift; path = ChipViewController.swift; sourceTree = "<group>"; };
		A5F6D36A2C96F32D00FB961F /* HandyDivider.swift */ = {isa = PBXFileReference; lastKnownFileType = sourcecode.swift; path = HandyDivider.swift; sourceTree = "<group>"; };
		A5F6D36C2C97099C00FB961F /* DividerViewController.swift */ = {isa = PBXFileReference; lastKnownFileType = sourcecode.swift; path = DividerViewController.swift; sourceTree = "<group>"; };
		E51FBF9A2C5399A00097B0DA /* CheckBoxViewController.swift */ = {isa = PBXFileReference; lastKnownFileType = sourcecode.swift; path = CheckBoxViewController.swift; sourceTree = "<group>"; };
		E51FBF9F2C54CB260097B0DA /* HandyRadioButton.swift */ = {isa = PBXFileReference; lastKnownFileType = sourcecode.swift; path = HandyRadioButton.swift; sourceTree = "<group>"; };
		E51FBFA12C54CD350097B0DA /* RadioButtonViewController.swift */ = {isa = PBXFileReference; lastKnownFileType = sourcecode.swift; path = RadioButtonViewController.swift; sourceTree = "<group>"; };
		E5650D422C4D326D002790CC /* HandyCheckBox.swift */ = {isa = PBXFileReference; lastKnownFileType = sourcecode.swift; path = HandyCheckBox.swift; sourceTree = "<group>"; };
		E5650D442C4E366F002790CC /* HandyIcon.xcassets */ = {isa = PBXFileReference; lastKnownFileType = folder.assetcatalog; path = HandyIcon.xcassets; sourceTree = "<group>"; };
		E5650D462C512B07002790CC /* HandyIcon.swift */ = {isa = PBXFileReference; lastKnownFileType = sourcecode.swift; path = HandyIcon.swift; sourceTree = "<group>"; };
		E5669A3E2C443E7300DABC21 /* HandyBasicColor.swift */ = {isa = PBXFileReference; lastKnownFileType = sourcecode.swift; path = HandyBasicColor.swift; sourceTree = "<group>"; };
		E5669A422C443FE500DABC21 /* HandyBasicColor.xcassets */ = {isa = PBXFileReference; lastKnownFileType = folder.assetcatalog; path = HandyBasicColor.xcassets; sourceTree = "<group>"; };
		E5D02AFC2C46C5A70056CE7B /* HandySematic.swift */ = {isa = PBXFileReference; lastKnownFileType = sourcecode.swift; path = HandySematic.swift; sourceTree = "<group>"; };
		E5D02AFF2C480A180056CE7B /* HandyPrimitive.swift */ = {isa = PBXFileReference; lastKnownFileType = sourcecode.swift; path = HandyPrimitive.swift; sourceTree = "<group>"; };
/* End PBXFileReference section */

/* Begin PBXFrameworksBuildPhase section */
		0257762F2C4EA98C00272EC6 /* Frameworks */ = {
			isa = PBXFrameworksBuildPhase;
			buildActionMask = 2147483647;
			files = (
				0257764A2C4EB68D00272EC6 /* Handy.framework in Frameworks */,
			);
			runOnlyForDeploymentPostprocessing = 0;
		};
		02BDB7EC2C3E95580050FB67 /* Frameworks */ = {
			isa = PBXFrameworksBuildPhase;
			buildActionMask = 2147483647;
			files = (
				022E22342CB60F8B004E57EA /* SnapKit in Frameworks */,
			);
			runOnlyForDeploymentPostprocessing = 0;
		};
/* End PBXFrameworksBuildPhase section */

/* Begin PBXGroup section */
		021C76FF2CEA496D00AC7D7D /* List */ = {
			isa = PBXGroup;
			children = (
				02BCB22F2CDF417500D0C796 /* HandyListItem.swift */,
				021C77012CEA49A300AC7D7D /* HandyList.swift */,
			);
			path = List;
			sourceTree = "<group>";
		};
		025776332C4EA98C00272EC6 /* Handy-Storybook */ = {
			isa = PBXGroup;
			children = (
				025776482C4EB0E700272EC6 /* Atom */,
				025776572C4EB7C700272EC6 /* Font */,
				0257765A2C4EB9B800272EC6 /* Storybook */,
				025776342C4EA98C00272EC6 /* AppDelegate.swift */,
				025776362C4EA98C00272EC6 /* SceneDelegate.swift */,
				0257763D2C4EA98E00272EC6 /* Assets.xcassets */,
				025776422C4EA98E00272EC6 /* Info.plist */,
			);
			path = "Handy-Storybook";
			sourceTree = "<group>";
		};
		025776482C4EB0E700272EC6 /* Atom */ = {
			isa = PBXGroup;
			children = (
				6FD1A17F2D21311C001E6F2E /* TabsViewController.swift */,
				02150E4B2CCABAE500EE690E /* SnackbarViewController.swift */,
				025776382C4EA98C00272EC6 /* LabelViewController.swift */,
				2D41E8132C5A21930043161D /* FabViewController.swift */,
				02ED764B2C57BD09001569F1 /* HandyBoxButtonViewController.swift */,
				A5A12A7C2C57A6C200996916 /* ChipViewController.swift */,
				A5F6D36C2C97099C00FB961F /* DividerViewController.swift */,
				E51FBF9A2C5399A00097B0DA /* CheckBoxViewController.swift */,
				E51FBFA12C54CD350097B0DA /* RadioButtonViewController.swift */,
				02697A252C99DDA30027A362 /* HansySwitchViewController.swift */,
				021C77032CEA504B00AC7D7D /* HandyListViewController.swift */,
			);
			path = Atom;
			sourceTree = "<group>";
		};
		025776492C4EB68D00272EC6 /* Frameworks */ = {
			isa = PBXGroup;
			children = (
			);
			name = Frameworks;
			sourceTree = "<group>";
		};
		025776572C4EB7C700272EC6 /* Font */ = {
			isa = PBXGroup;
			children = (
				025776582C4EB8BC00272EC6 /* Pretendard-Light.otf */,
				025776512C4EB7BB00272EC6 /* Pretendard-Regular.otf */,
				025776532C4EB7BB00272EC6 /* Pretendard-SemiBold.otf */,
			);
			path = Font;
			sourceTree = "<group>";
		};
		0257765A2C4EB9B800272EC6 /* Storybook */ = {
			isa = PBXGroup;
			children = (
				0257763F2C4EA98E00272EC6 /* LaunchScreen.storyboard */,
				0257765B2C4EB9C700272EC6 /* Base */,
			);
			path = Storybook;
			sourceTree = "<group>";
		};
		0257765B2C4EB9C700272EC6 /* Base */ = {
			isa = PBXGroup;
			children = (
				0257765C2C4EB9EF00272EC6 /* BaseViewController.swift */,
			);
			path = Base;
			sourceTree = "<group>";
		};
		029C446B2C468F8E00331F61 /* Font */ = {
			isa = PBXGroup;
			children = (
				029C44652C468F8300331F61 /* Pretendard-Light.otf */,
				029C44662C468F8300331F61 /* Pretendard-Regular.otf */,
				029C44672C468F8300331F61 /* Pretendard-SemiBold.otf */,
			);
			path = Font;
			sourceTree = "<group>";
		};
		029E47FE2C49FD2E00D2F3B7 /* Atom */ = {
			isa = PBXGroup;
			children = (
				6FE73E922D23C51600E06422 /* HandyTabs */,
				02ED762F2C52849A001569F1 /* HandyButton */,
				029E47FC2C49FD1A00D2F3B7 /* HandyLabel.swift */,
				2D41E8152C5A21B50043161D /* HandyFab.swift */,
				A56B3DE12C4E51D300C3610A /* HandyChip.swift */,
				A5F6D36A2C96F32D00FB961F /* HandyDivider.swift */,
				E51FBF9F2C54CB260097B0DA /* HandyRadioButton.swift */,
				E5650D422C4D326D002790CC /* HandyCheckBox.swift */,
				02697A232C99D7230027A362 /* HandySwitch.swift */,
				02150E492CC8D7AB00EE690E /* HandySnackbar.swift */,
				021C76FF2CEA496D00AC7D7D /* List */,
			);
			path = Atom;
			sourceTree = "<group>";
		};
		02BDB7E52C3E95580050FB67 = {
			isa = PBXGroup;
			children = (
				02BDB7F12C3E95580050FB67 /* Handy */,
				025776332C4EA98C00272EC6 /* Handy-Storybook */,
				02BDB7F02C3E95580050FB67 /* Products */,
				025776492C4EB68D00272EC6 /* Frameworks */,
			);
			sourceTree = "<group>";
		};
		02BDB7F02C3E95580050FB67 /* Products */ = {
			isa = PBXGroup;
			children = (
				02BDB7EF2C3E95580050FB67 /* Handy.framework */,
				025776322C4EA98C00272EC6 /* Handy-Storybook.app */,
			);
			name = Products;
			sourceTree = "<group>";
		};
		02BDB7F12C3E95580050FB67 /* Handy */ = {
			isa = PBXGroup;
			children = (
				029C44732C468FEA00331F61 /* Info.plist */,
				02BDB7F92C3E962D0050FB67 /* Source */,
				02BDB7F22C3E95580050FB67 /* Handy.h */,
			);
			path = Handy;
			sourceTree = "<group>";
		};
		02BDB7F92C3E962D0050FB67 /* Source */ = {
			isa = PBXGroup;
			children = (
				02ED76482C577998001569F1 /* Extension */,
				029C446B2C468F8E00331F61 /* Font */,
				02BDB7FA2C3E964A0050FB67 /* Foundation */,
				029E47FE2C49FD2E00D2F3B7 /* Atom */,
			);
			path = Source;
			sourceTree = "<group>";
		};
		02BDB7FA2C3E964A0050FB67 /* Foundation */ = {
			isa = PBXGroup;
			children = (
				02BDB7FB2C3E99920050FB67 /* HandyFont.swift */,
				E5669A3E2C443E7300DABC21 /* HandyBasicColor.swift */,
				E5D02AFF2C480A180056CE7B /* HandyPrimitive.swift */,
				E5D02AFC2C46C5A70056CE7B /* HandySematic.swift */,
				029E47FF2C49FD4000D2F3B7 /* HandyTypography.swift */,
				E5650D462C512B07002790CC /* HandyIcon.swift */,
				E5650D412C4D30B9002790CC /* Asset */,
			);
			path = Foundation;
			sourceTree = "<group>";
		};
		02ED762F2C52849A001569F1 /* Button */ = {
			isa = PBXGroup;
			children = (
				02ED76302C5284BB001569F1 /* HandyButtonProtocol.swift */,
				02ED76322C5284E6001569F1 /* HandyBoxButton.swift */,
				02ED76342C5284F3001569F1 /* HandyTextButton.swift */,
			);
			path = Button;
			sourceTree = "<group>";
		};
		02ED76482C577998001569F1 /* Extension */ = {
			isa = PBXGroup;
			children = (
				02ED76492C5779C3001569F1 /* UIImage+.swift */,
			);
			path = Extension;
			sourceTree = "<group>";
		};
		6FE73E922D23C51600E06422 /* HandyTabs */ = {
			isa = PBXGroup;
			children = (
				6FE73E952D23C55900E06422 /* HandyTabComponent.swift */,
				6FE73E932D23C52C00E06422 /* HandyTabs.swift */,
			);
			path = HandyTabs;
			sourceTree = "<group>";
		};
		E5650D412C4D30B9002790CC /* Asset */ = {
			isa = PBXGroup;
			children = (
				E5669A422C443FE500DABC21 /* HandyBasicColor.xcassets */,
				E5650D442C4E366F002790CC /* HandyIcon.xcassets */,
			);
			path = Asset;
			sourceTree = "<group>";
		};
/* End PBXGroup section */

/* Begin PBXHeadersBuildPhase section */
		02BDB7EA2C3E95580050FB67 /* Headers */ = {
			isa = PBXHeadersBuildPhase;
			buildActionMask = 2147483647;
			files = (
				02BDB7F32C3E95580050FB67 /* Handy.h in Headers */,
			);
			runOnlyForDeploymentPostprocessing = 0;
		};
/* End PBXHeadersBuildPhase section */

/* Begin PBXNativeTarget section */
		025776312C4EA98C00272EC6 /* Handy-Storybook */ = {
			isa = PBXNativeTarget;
			buildConfigurationList = 025776432C4EA98E00272EC6 /* Build configuration list for PBXNativeTarget "Handy-Storybook" */;
			buildPhases = (
				0257762E2C4EA98C00272EC6 /* Sources */,
				0257762F2C4EA98C00272EC6 /* Frameworks */,
				025776302C4EA98C00272EC6 /* Resources */,
				0257764E2C4EB68D00272EC6 /* Embed Frameworks */,
			);
			buildRules = (
			);
			dependencies = (
				0257764D2C4EB68D00272EC6 /* PBXTargetDependency */,
			);
			name = "Handy-Storybook";
			packageProductDependencies = (
			);
			productName = "Handy-Storybook";
			productReference = 025776322C4EA98C00272EC6 /* Handy-Storybook.app */;
			productType = "com.apple.product-type.application";
		};
		02BDB7EE2C3E95580050FB67 /* Handy */ = {
			isa = PBXNativeTarget;
			buildConfigurationList = 02BDB7F62C3E95580050FB67 /* Build configuration list for PBXNativeTarget "Handy" */;
			buildPhases = (
				02BDB7EA2C3E95580050FB67 /* Headers */,
				02BDB7EB2C3E95580050FB67 /* Sources */,
				02BDB7EC2C3E95580050FB67 /* Frameworks */,
				02BDB7ED2C3E95580050FB67 /* Resources */,
			);
			buildRules = (
			);
			dependencies = (
				022E22382CB6135B004E57EA /* PBXTargetDependency */,
			);
			name = Handy;
			packageProductDependencies = (
				022E22332CB60F8B004E57EA /* SnapKit */,
			);
			productName = Handy;
			productReference = 02BDB7EF2C3E95580050FB67 /* Handy.framework */;
			productType = "com.apple.product-type.framework";
		};
/* End PBXNativeTarget section */

/* Begin PBXProject section */
		02BDB7E62C3E95580050FB67 /* Project object */ = {
			isa = PBXProject;
			attributes = {
				BuildIndependentTargetsInParallel = 1;
				LastSwiftUpdateCheck = 1500;
				LastUpgradeCheck = 1500;
				TargetAttributes = {
					025776312C4EA98C00272EC6 = {
						CreatedOnToolsVersion = 15.0.1;
					};
					02BDB7EE2C3E95580050FB67 = {
						CreatedOnToolsVersion = 15.0.1;
						LastSwiftMigration = 1500;
					};
				};
			};
			buildConfigurationList = 02BDB7E92C3E95580050FB67 /* Build configuration list for PBXProject "Handy" */;
			compatibilityVersion = "Xcode 14.0";
			developmentRegion = en;
			hasScannedForEncodings = 0;
			knownRegions = (
				en,
				Base,
			);
			mainGroup = 02BDB7E52C3E95580050FB67;
			packageReferences = (
				A5AB585C2C7343A300A3AC5C /* XCRemoteSwiftPackageReference "SnapKit" */,
			);
			productRefGroup = 02BDB7F02C3E95580050FB67 /* Products */;
			projectDirPath = "";
			projectRoot = "";
			targets = (
				02BDB7EE2C3E95580050FB67 /* Handy */,
				025776312C4EA98C00272EC6 /* Handy-Storybook */,
			);
		};
/* End PBXProject section */

/* Begin PBXResourcesBuildPhase section */
		025776302C4EA98C00272EC6 /* Resources */ = {
			isa = PBXResourcesBuildPhase;
			buildActionMask = 2147483647;
			files = (
				025776412C4EA98E00272EC6 /* LaunchScreen.storyboard in Resources */,
				0202B2562C58D8AF0017EAD8 /* HandyBasicColor.xcassets in Resources */,
				E51FBF9D2C539BC30097B0DA /* HandyIcon.xcassets in Resources */,
				E51FBF9C2C539BC10097B0DA /* HandyBasicColor.xcassets in Resources */,
				025776562C4EB7BB00272EC6 /* Pretendard-SemiBold.otf in Resources */,
				025776542C4EB7BB00272EC6 /* Pretendard-Regular.otf in Resources */,
				025776592C4EB8BC00272EC6 /* Pretendard-Light.otf in Resources */,
				0257763E2C4EA98E00272EC6 /* Assets.xcassets in Resources */,
			);
			runOnlyForDeploymentPostprocessing = 0;
		};
		02BDB7ED2C3E95580050FB67 /* Resources */ = {
			isa = PBXResourcesBuildPhase;
			buildActionMask = 2147483647;
			files = (
				E5D02AFE2C46C9980056CE7B /* HandyBasicColor.xcassets in Resources */,
				029C446A2C468F8300331F61 /* Pretendard-SemiBold.otf in Resources */,
				029C44682C468F8300331F61 /* Pretendard-Light.otf in Resources */,
				029C44692C468F8300331F61 /* Pretendard-Regular.otf in Resources */,
				E5650D452C4E366F002790CC /* HandyIcon.xcassets in Resources */,
			);
			runOnlyForDeploymentPostprocessing = 0;
		};
/* End PBXResourcesBuildPhase section */

/* Begin PBXSourcesBuildPhase section */
		0257762E2C4EA98C00272EC6 /* Sources */ = {
			isa = PBXSourcesBuildPhase;
			buildActionMask = 2147483647;
			files = (
				02150E4C2CCABAEB00EE690E /* SnackbarViewController.swift in Sources */,
				2D41E8142C5A21930043161D /* FabViewController.swift in Sources */,
				A5A12A812C57A93C00996916 /* HandyPrimitive.swift in Sources */,
				A5A12A822C57A93F00996916 /* HandyBasicColor.swift in Sources */,
				A5A12A7E2C57A6D900996916 /* ChipViewController.swift in Sources */,
				A5A12A7F2C57A92000996916 /* HandySematic.swift in Sources */,
				A5F6D36D2C97099C00FB961F /* DividerViewController.swift in Sources */,
				021C77042CEA504B00AC7D7D /* HandyListViewController.swift in Sources */,
				025776392C4EA98C00272EC6 /* LabelViewController.swift in Sources */,
				0257765D2C4EB9EF00272EC6 /* BaseViewController.swift in Sources */,
				02ED764C2C57BD09001569F1 /* HandyBoxButtonViewController.swift in Sources */,
				E51FBFA22C54CD350097B0DA /* RadioButtonViewController.swift in Sources */,
				E51FBF9B2C5399A00097B0DA /* CheckBoxViewController.swift in Sources */,
				6FD1A1802D213129001E6F2E /* TabsViewController.swift in Sources */,
				025776352C4EA98C00272EC6 /* AppDelegate.swift in Sources */,
				02697A262C99DDA30027A362 /* HansySwitchViewController.swift in Sources */,
				025776372C4EA98C00272EC6 /* SceneDelegate.swift in Sources */,
			);
			runOnlyForDeploymentPostprocessing = 0;
		};
		02BDB7EB2C3E95580050FB67 /* Sources */ = {
			isa = PBXSourcesBuildPhase;
			buildActionMask = 2147483647;
			files = (
				2D41E8162C5A21B50043161D /* HandyFab.swift in Sources */,
				02ED76332C5284E6001569F1 /* HandyBoxButton.swift in Sources */,
				E5D02AFD2C46C5A70056CE7B /* HandySematic.swift in Sources */,
				02697A242C99D7230027A362 /* HandySwitch.swift in Sources */,
				02150E4A2CC8D7AB00EE690E /* HandySnackbar.swift in Sources */,
				E5D02B002C480A180056CE7B /* HandyPrimitive.swift in Sources */,
				6FE73E942D23C52F00E06422 /* HandyTabs.swift in Sources */,
				E5D02AFD2C46C5A70056CE7B /* HandySematic.swift in Sources */,
				E5D02B002C480A180056CE7B /* HandyPrimitive.swift in Sources */,
				E51FBFA02C54CB260097B0DA /* HandyRadioButton.swift in Sources */,
				E5669A3F2C443E7300DABC21 /* HandyBasicColor.swift in Sources */,
				02ED76312C5284BB001569F1 /* HandyButtonProtocol.swift in Sources */,
				02ED76352C5284F3001569F1 /* HandyTextButton.swift in Sources */,
				02BCB2302CDF417500D0C796 /* HandyListItem.swift in Sources */,
				A5F6D36B2C96F32D00FB961F /* HandyDivider.swift in Sources */,
				02BDB7FC2C3E99920050FB67 /* HandyFont.swift in Sources */,
				6FE73E962D23C55900E06422 /* HandyTabComponent.swift in Sources */,
				02ED764A2C5779C3001569F1 /* UIImage+.swift in Sources */,
				029E48002C49FD4000D2F3B7 /* HandyTypography.swift in Sources */,
				E5650D432C4D326D002790CC /* HandyCheckBox.swift in Sources */,
				029E47FD2C49FD1A00D2F3B7 /* HandyLabel.swift in Sources */,
				A56B3DE22C4E51D300C3610A /* HandyChip.swift in Sources */,
				E5650D472C512B07002790CC /* HandyIcon.swift in Sources */,
				021C77022CEA49A300AC7D7D /* HandyList.swift in Sources */,
				E5650D472C512B07002790CC /* HandyIcon.swift in Sources */,
			);
			runOnlyForDeploymentPostprocessing = 0;
		};
/* End PBXSourcesBuildPhase section */

/* Begin PBXTargetDependency section */
		022E22382CB6135B004E57EA /* PBXTargetDependency */ = {
			isa = PBXTargetDependency;
			productRef = 022E22372CB6135B004E57EA /* SnapKit */;
		};
		0257764D2C4EB68D00272EC6 /* PBXTargetDependency */ = {
			isa = PBXTargetDependency;
			target = 02BDB7EE2C3E95580050FB67 /* Handy */;
			targetProxy = 0257764C2C4EB68D00272EC6 /* PBXContainerItemProxy */;
		};
/* End PBXTargetDependency section */

/* Begin PBXVariantGroup section */
		0257763F2C4EA98E00272EC6 /* LaunchScreen.storyboard */ = {
			isa = PBXVariantGroup;
			children = (
				025776402C4EA98E00272EC6 /* Base */,
			);
			name = LaunchScreen.storyboard;
			sourceTree = "<group>";
		};
/* End PBXVariantGroup section */

/* Begin XCBuildConfiguration section */
		025776442C4EA98E00272EC6 /* Debug */ = {
			isa = XCBuildConfiguration;
			buildSettings = {
				ASSETCATALOG_COMPILER_APPICON_NAME = AppIcon;
				ASSETCATALOG_COMPILER_GLOBAL_ACCENT_COLOR_NAME = AccentColor;
				CODE_SIGN_STYLE = Automatic;
				CURRENT_PROJECT_VERSION = 1;
				DEVELOPMENT_TEAM = 2N3PMJ78CA;
				GENERATE_INFOPLIST_FILE = YES;
				INFOPLIST_FILE = "Handy-Storybook/Info.plist";
				INFOPLIST_KEY_UIApplicationSupportsIndirectInputEvents = YES;
				INFOPLIST_KEY_UILaunchStoryboardName = LaunchScreen;
				INFOPLIST_KEY_UIStatusBarStyle = "";
				INFOPLIST_KEY_UISupportedInterfaceOrientations_iPad = "UIInterfaceOrientationPortrait UIInterfaceOrientationPortraitUpsideDown UIInterfaceOrientationLandscapeLeft UIInterfaceOrientationLandscapeRight";
				INFOPLIST_KEY_UISupportedInterfaceOrientations_iPhone = "UIInterfaceOrientationPortrait UIInterfaceOrientationLandscapeLeft UIInterfaceOrientationLandscapeRight";
				INFOPLIST_KEY_UIUserInterfaceStyle = Light;
				IPHONEOS_DEPLOYMENT_TARGET = 16.0;
				LD_RUNPATH_SEARCH_PATHS = (
					"$(inherited)",
					"@executable_path/Frameworks",
				);
				MARKETING_VERSION = 1.0;
				PRODUCT_BUNDLE_IDENTIFIER = "net.joeun.Handy-Storybook";
				PRODUCT_NAME = "$(TARGET_NAME)";
				SWIFT_EMIT_LOC_STRINGS = YES;
				SWIFT_VERSION = 5.0;
				TARGETED_DEVICE_FAMILY = "1,2";
			};
			name = Debug;
		};
		025776452C4EA98E00272EC6 /* Release */ = {
			isa = XCBuildConfiguration;
			buildSettings = {
				ASSETCATALOG_COMPILER_APPICON_NAME = AppIcon;
				ASSETCATALOG_COMPILER_GLOBAL_ACCENT_COLOR_NAME = AccentColor;
				CODE_SIGN_STYLE = Automatic;
				CURRENT_PROJECT_VERSION = 1;
				DEVELOPMENT_TEAM = 2N3PMJ78CA;
				GENERATE_INFOPLIST_FILE = YES;
				INFOPLIST_FILE = "Handy-Storybook/Info.plist";
				INFOPLIST_KEY_UIApplicationSupportsIndirectInputEvents = YES;
				INFOPLIST_KEY_UILaunchStoryboardName = LaunchScreen;
				INFOPLIST_KEY_UIStatusBarStyle = "";
				INFOPLIST_KEY_UISupportedInterfaceOrientations_iPad = "UIInterfaceOrientationPortrait UIInterfaceOrientationPortraitUpsideDown UIInterfaceOrientationLandscapeLeft UIInterfaceOrientationLandscapeRight";
				INFOPLIST_KEY_UISupportedInterfaceOrientations_iPhone = "UIInterfaceOrientationPortrait UIInterfaceOrientationLandscapeLeft UIInterfaceOrientationLandscapeRight";
				INFOPLIST_KEY_UIUserInterfaceStyle = Light;
				IPHONEOS_DEPLOYMENT_TARGET = 16.0;
				LD_RUNPATH_SEARCH_PATHS = (
					"$(inherited)",
					"@executable_path/Frameworks",
				);
				MARKETING_VERSION = 1.0;
				PRODUCT_BUNDLE_IDENTIFIER = "net.joeun.Handy-Storybook";
				PRODUCT_NAME = "$(TARGET_NAME)";
				SWIFT_EMIT_LOC_STRINGS = YES;
				SWIFT_VERSION = 5.0;
				TARGETED_DEVICE_FAMILY = "1,2";
			};
			name = Release;
		};
		02BDB7F42C3E95580050FB67 /* Debug */ = {
			isa = XCBuildConfiguration;
			buildSettings = {
				ALWAYS_SEARCH_USER_PATHS = NO;
				ASSETCATALOG_COMPILER_GENERATE_SWIFT_ASSET_SYMBOL_EXTENSIONS = YES;
				CLANG_ANALYZER_NONNULL = YES;
				CLANG_ANALYZER_NUMBER_OBJECT_CONVERSION = YES_AGGRESSIVE;
				CLANG_CXX_LANGUAGE_STANDARD = "gnu++20";
				CLANG_ENABLE_MODULES = YES;
				CLANG_ENABLE_OBJC_ARC = YES;
				CLANG_ENABLE_OBJC_WEAK = YES;
				CLANG_WARN_BLOCK_CAPTURE_AUTORELEASING = YES;
				CLANG_WARN_BOOL_CONVERSION = YES;
				CLANG_WARN_COMMA = YES;
				CLANG_WARN_CONSTANT_CONVERSION = YES;
				CLANG_WARN_DEPRECATED_OBJC_IMPLEMENTATIONS = YES;
				CLANG_WARN_DIRECT_OBJC_ISA_USAGE = YES_ERROR;
				CLANG_WARN_DOCUMENTATION_COMMENTS = YES;
				CLANG_WARN_EMPTY_BODY = YES;
				CLANG_WARN_ENUM_CONVERSION = YES;
				CLANG_WARN_INFINITE_RECURSION = YES;
				CLANG_WARN_INT_CONVERSION = YES;
				CLANG_WARN_NON_LITERAL_NULL_CONVERSION = YES;
				CLANG_WARN_OBJC_IMPLICIT_RETAIN_SELF = YES;
				CLANG_WARN_OBJC_LITERAL_CONVERSION = YES;
				CLANG_WARN_OBJC_ROOT_CLASS = YES_ERROR;
				CLANG_WARN_QUOTED_INCLUDE_IN_FRAMEWORK_HEADER = YES;
				CLANG_WARN_RANGE_LOOP_ANALYSIS = YES;
				CLANG_WARN_STRICT_PROTOTYPES = YES;
				CLANG_WARN_SUSPICIOUS_MOVE = YES;
				CLANG_WARN_UNGUARDED_AVAILABILITY = YES_AGGRESSIVE;
				CLANG_WARN_UNREACHABLE_CODE = YES;
				CLANG_WARN__DUPLICATE_METHOD_MATCH = YES;
				COPY_PHASE_STRIP = NO;
				CURRENT_PROJECT_VERSION = 1;
				DEBUG_INFORMATION_FORMAT = dwarf;
				ENABLE_STRICT_OBJC_MSGSEND = YES;
				ENABLE_TESTABILITY = YES;
				ENABLE_USER_SCRIPT_SANDBOXING = YES;
				GCC_C_LANGUAGE_STANDARD = gnu17;
				GCC_DYNAMIC_NO_PIC = NO;
				GCC_NO_COMMON_BLOCKS = YES;
				GCC_OPTIMIZATION_LEVEL = 0;
				GCC_PREPROCESSOR_DEFINITIONS = (
					"DEBUG=1",
					"$(inherited)",
				);
				GCC_WARN_64_TO_32_BIT_CONVERSION = YES;
				GCC_WARN_ABOUT_RETURN_TYPE = YES_ERROR;
				GCC_WARN_UNDECLARED_SELECTOR = YES;
				GCC_WARN_UNINITIALIZED_AUTOS = YES_AGGRESSIVE;
				GCC_WARN_UNUSED_FUNCTION = YES;
				GCC_WARN_UNUSED_VARIABLE = YES;
				IPHONEOS_DEPLOYMENT_TARGET = 17.0;
				LOCALIZATION_PREFERS_STRING_CATALOGS = YES;
				MTL_ENABLE_DEBUG_INFO = INCLUDE_SOURCE;
				MTL_FAST_MATH = YES;
				ONLY_ACTIVE_ARCH = YES;
				SDKROOT = iphoneos;
				SWIFT_ACTIVE_COMPILATION_CONDITIONS = "DEBUG $(inherited)";
				SWIFT_OPTIMIZATION_LEVEL = "-Onone";
				VERSIONING_SYSTEM = "apple-generic";
				VERSION_INFO_PREFIX = "";
			};
			name = Debug;
		};
		02BDB7F52C3E95580050FB67 /* Release */ = {
			isa = XCBuildConfiguration;
			buildSettings = {
				ALWAYS_SEARCH_USER_PATHS = NO;
				ASSETCATALOG_COMPILER_GENERATE_SWIFT_ASSET_SYMBOL_EXTENSIONS = YES;
				CLANG_ANALYZER_NONNULL = YES;
				CLANG_ANALYZER_NUMBER_OBJECT_CONVERSION = YES_AGGRESSIVE;
				CLANG_CXX_LANGUAGE_STANDARD = "gnu++20";
				CLANG_ENABLE_MODULES = YES;
				CLANG_ENABLE_OBJC_ARC = YES;
				CLANG_ENABLE_OBJC_WEAK = YES;
				CLANG_WARN_BLOCK_CAPTURE_AUTORELEASING = YES;
				CLANG_WARN_BOOL_CONVERSION = YES;
				CLANG_WARN_COMMA = YES;
				CLANG_WARN_CONSTANT_CONVERSION = YES;
				CLANG_WARN_DEPRECATED_OBJC_IMPLEMENTATIONS = YES;
				CLANG_WARN_DIRECT_OBJC_ISA_USAGE = YES_ERROR;
				CLANG_WARN_DOCUMENTATION_COMMENTS = YES;
				CLANG_WARN_EMPTY_BODY = YES;
				CLANG_WARN_ENUM_CONVERSION = YES;
				CLANG_WARN_INFINITE_RECURSION = YES;
				CLANG_WARN_INT_CONVERSION = YES;
				CLANG_WARN_NON_LITERAL_NULL_CONVERSION = YES;
				CLANG_WARN_OBJC_IMPLICIT_RETAIN_SELF = YES;
				CLANG_WARN_OBJC_LITERAL_CONVERSION = YES;
				CLANG_WARN_OBJC_ROOT_CLASS = YES_ERROR;
				CLANG_WARN_QUOTED_INCLUDE_IN_FRAMEWORK_HEADER = YES;
				CLANG_WARN_RANGE_LOOP_ANALYSIS = YES;
				CLANG_WARN_STRICT_PROTOTYPES = YES;
				CLANG_WARN_SUSPICIOUS_MOVE = YES;
				CLANG_WARN_UNGUARDED_AVAILABILITY = YES_AGGRESSIVE;
				CLANG_WARN_UNREACHABLE_CODE = YES;
				CLANG_WARN__DUPLICATE_METHOD_MATCH = YES;
				COPY_PHASE_STRIP = NO;
				CURRENT_PROJECT_VERSION = 1;
				DEBUG_INFORMATION_FORMAT = "dwarf-with-dsym";
				ENABLE_NS_ASSERTIONS = NO;
				ENABLE_STRICT_OBJC_MSGSEND = YES;
				ENABLE_USER_SCRIPT_SANDBOXING = YES;
				GCC_C_LANGUAGE_STANDARD = gnu17;
				GCC_NO_COMMON_BLOCKS = YES;
				GCC_WARN_64_TO_32_BIT_CONVERSION = YES;
				GCC_WARN_ABOUT_RETURN_TYPE = YES_ERROR;
				GCC_WARN_UNDECLARED_SELECTOR = YES;
				GCC_WARN_UNINITIALIZED_AUTOS = YES_AGGRESSIVE;
				GCC_WARN_UNUSED_FUNCTION = YES;
				GCC_WARN_UNUSED_VARIABLE = YES;
				IPHONEOS_DEPLOYMENT_TARGET = 17.0;
				LOCALIZATION_PREFERS_STRING_CATALOGS = YES;
				MTL_ENABLE_DEBUG_INFO = NO;
				MTL_FAST_MATH = YES;
				SDKROOT = iphoneos;
				SWIFT_COMPILATION_MODE = wholemodule;
				VALIDATE_PRODUCT = YES;
				VERSIONING_SYSTEM = "apple-generic";
				VERSION_INFO_PREFIX = "";
			};
			name = Release;
		};
		02BDB7F72C3E95580050FB67 /* Debug */ = {
			isa = XCBuildConfiguration;
			buildSettings = {
				ARCHS = "$(ARCHS_STANDARD)";
				CLANG_ENABLE_MODULES = YES;
				CODE_SIGN_STYLE = Automatic;
				CURRENT_PROJECT_VERSION = 1;
				DEFINES_MODULE = YES;
				DEVELOPMENT_TEAM = 2N3PMJ78CA;
				DYLIB_COMPATIBILITY_VERSION = 1;
				DYLIB_CURRENT_VERSION = 1;
				DYLIB_INSTALL_NAME_BASE = "@rpath";
				ENABLE_MODULE_VERIFIER = YES;
				ENABLE_TESTABILITY = YES;
				ENABLE_TESTING_SEARCH_PATHS = NO;
				GENERATE_INFOPLIST_FILE = YES;
				INFOPLIST_FILE = Handy/Info.plist;
				INFOPLIST_KEY_NSHumanReadableCopyright = "";
				INFOPLIST_KEY_UIUserInterfaceStyle = Light;
				INSTALL_PATH = "$(LOCAL_LIBRARY_DIR)/Frameworks";
				IPHONEOS_DEPLOYMENT_TARGET = 16.0;
				LD_RUNPATH_SEARCH_PATHS = (
					"$(inherited)",
					"@executable_path/Frameworks",
					"@loader_path/Frameworks",
				);
				MARKETING_VERSION = 1.0;
				MODULE_VERIFIER_SUPPORTED_LANGUAGES = "objective-c objective-c++";
				MODULE_VERIFIER_SUPPORTED_LANGUAGE_STANDARDS = "gnu17 gnu++20";
				PRODUCT_BUNDLE_IDENTIFIER = net.joeun.Handy;
				PRODUCT_NAME = "$(TARGET_NAME:c99extidentifier)";
				SKIP_INSTALL = YES;
				SWIFT_EMIT_LOC_STRINGS = YES;
				SWIFT_OPTIMIZATION_LEVEL = "-Onone";
				SWIFT_VERSION = 5.0;
				TARGETED_DEVICE_FAMILY = "1,2";
			};
			name = Debug;
		};
		02BDB7F82C3E95580050FB67 /* Release */ = {
			isa = XCBuildConfiguration;
			buildSettings = {
				ARCHS = "$(ARCHS_STANDARD)";
				CLANG_ENABLE_MODULES = YES;
				CODE_SIGN_STYLE = Automatic;
				CURRENT_PROJECT_VERSION = 1;
				DEFINES_MODULE = YES;
				DEVELOPMENT_TEAM = 2N3PMJ78CA;
				DYLIB_COMPATIBILITY_VERSION = 1;
				DYLIB_CURRENT_VERSION = 1;
				DYLIB_INSTALL_NAME_BASE = "@rpath";
				ENABLE_MODULE_VERIFIER = YES;
				ENABLE_TESTING_SEARCH_PATHS = NO;
				GENERATE_INFOPLIST_FILE = YES;
				INFOPLIST_FILE = Handy/Info.plist;
				INFOPLIST_KEY_NSHumanReadableCopyright = "";
				INFOPLIST_KEY_UIUserInterfaceStyle = Light;
				INSTALL_PATH = "$(LOCAL_LIBRARY_DIR)/Frameworks";
				IPHONEOS_DEPLOYMENT_TARGET = 16.0;
				LD_RUNPATH_SEARCH_PATHS = (
					"$(inherited)",
					"@executable_path/Frameworks",
					"@loader_path/Frameworks",
				);
				MARKETING_VERSION = 1.0;
				MODULE_VERIFIER_SUPPORTED_LANGUAGES = "objective-c objective-c++";
				MODULE_VERIFIER_SUPPORTED_LANGUAGE_STANDARDS = "gnu17 gnu++20";
				PRODUCT_BUNDLE_IDENTIFIER = net.joeun.Handy;
				PRODUCT_NAME = "$(TARGET_NAME:c99extidentifier)";
				SKIP_INSTALL = YES;
				SWIFT_EMIT_LOC_STRINGS = YES;
				SWIFT_VERSION = 5.0;
				TARGETED_DEVICE_FAMILY = "1,2";
			};
			name = Release;
		};
/* End XCBuildConfiguration section */

/* Begin XCConfigurationList section */
		025776432C4EA98E00272EC6 /* Build configuration list for PBXNativeTarget "Handy-Storybook" */ = {
			isa = XCConfigurationList;
			buildConfigurations = (
				025776442C4EA98E00272EC6 /* Debug */,
				025776452C4EA98E00272EC6 /* Release */,
			);
			defaultConfigurationIsVisible = 0;
			defaultConfigurationName = Release;
		};
		02BDB7E92C3E95580050FB67 /* Build configuration list for PBXProject "Handy" */ = {
			isa = XCConfigurationList;
			buildConfigurations = (
				02BDB7F42C3E95580050FB67 /* Debug */,
				02BDB7F52C3E95580050FB67 /* Release */,
			);
			defaultConfigurationIsVisible = 0;
			defaultConfigurationName = Release;
		};
		02BDB7F62C3E95580050FB67 /* Build configuration list for PBXNativeTarget "Handy" */ = {
			isa = XCConfigurationList;
			buildConfigurations = (
				02BDB7F72C3E95580050FB67 /* Debug */,
				02BDB7F82C3E95580050FB67 /* Release */,
			);
			defaultConfigurationIsVisible = 0;
			defaultConfigurationName = Release;
		};
/* End XCConfigurationList section */

/* Begin XCRemoteSwiftPackageReference section */
		A5AB585C2C7343A300A3AC5C /* XCRemoteSwiftPackageReference "SnapKit" */ = {
			isa = XCRemoteSwiftPackageReference;
			repositoryURL = "https://github.com/SnapKit/SnapKit";
			requirement = {
				kind = upToNextMajorVersion;
				minimumVersion = 5.7.1;
			};
		};
/* End XCRemoteSwiftPackageReference section */

/* Begin XCSwiftPackageProductDependency section */
		022E22332CB60F8B004E57EA /* SnapKit */ = {
			isa = XCSwiftPackageProductDependency;
			productName = SnapKit;
		};
		022E22372CB6135B004E57EA /* SnapKit */ = {
			isa = XCSwiftPackageProductDependency;
			package = A5AB585C2C7343A300A3AC5C /* XCRemoteSwiftPackageReference "SnapKit" */;
			productName = SnapKit;
		};
/* End XCSwiftPackageProductDependency section */
	};
	rootObject = 02BDB7E62C3E95580050FB67 /* Project object */;
}
