// !$*UTF8*$!
{
	archiveVersion = 1;
	classes = {
	};
	objectVersion = 56;
	objects = {

/* Begin PBXBuildFile section */
		02BDB7F32C3E95580050FB67 /* Handy.h in Headers */ = {isa = PBXBuildFile; fileRef = 02BDB7F22C3E95580050FB67 /* Handy.h */; settings = {ATTRIBUTES = (Public, ); }; };
		02BDB7FC2C3E99920050FB67 /* HandyFont.swift in Sources */ = {isa = PBXBuildFile; fileRef = 02BDB7FB2C3E99920050FB67 /* HandyFont.swift */; };
		E5669A3F2C443E7300DABC21 /* HandyColor.swift in Sources */ = {isa = PBXBuildFile; fileRef = E5669A3E2C443E7300DABC21 /* HandyColor.swift */; };
		E5669A452C44431100DABC21 /* HandyBasicColor.xcassets in Resources */ = {isa = PBXBuildFile; fileRef = E5669A422C443FE500DABC21 /* HandyBasicColor.xcassets */; };
/* End PBXBuildFile section */

/* Begin PBXFileReference section */
		02BDB7EF2C3E95580050FB67 /* Handy.framework */ = {isa = PBXFileReference; explicitFileType = wrapper.framework; includeInIndex = 0; path = Handy.framework; sourceTree = BUILT_PRODUCTS_DIR; };
		02BDB7F22C3E95580050FB67 /* Handy.h */ = {isa = PBXFileReference; lastKnownFileType = sourcecode.c.h; path = Handy.h; sourceTree = "<group>"; };
		02BDB7FB2C3E99920050FB67 /* HandyFont.swift */ = {isa = PBXFileReference; lastKnownFileType = sourcecode.swift; path = HandyFont.swift; sourceTree = "<group>"; };
		E5669A3E2C443E7300DABC21 /* HandyColor.swift */ = {isa = PBXFileReference; lastKnownFileType = sourcecode.swift; path = HandyColor.swift; sourceTree = "<group>"; };
		E5669A422C443FE500DABC21 /* HandyBasicColor.xcassets */ = {isa = PBXFileReference; lastKnownFileType = folder.assetcatalog; path = HandyBasicColor.xcassets; sourceTree = "<group>"; };
		E5669A472C44447900DABC21 /* Handy_Essential.h */ = {isa = PBXFileReference; lastKnownFileType = sourcecode.c.h; path = Handy_Essential.h; sourceTree = "<group>"; };
/* End PBXFileReference section */

/* Begin PBXFrameworksBuildPhase section */
		02BDB7EC2C3E95580050FB67 /* Frameworks */ = {
			isa = PBXFrameworksBuildPhase;
			buildActionMask = 2147483647;
			files = (
			);
			runOnlyForDeploymentPostprocessing = 0;
		};
/* End PBXFrameworksBuildPhase section */

/* Begin PBXGroup section */
		02BDB7E52C3E95580050FB67 = {
			isa = PBXGroup;
			children = (
				02BDB7F12C3E95580050FB67 /* Handy */,
				E5669A402C443F7100DABC21 /* Handy-Essential */,
				02BDB7F02C3E95580050FB67 /* Products */,
			);
			sourceTree = "<group>";
		};
		02BDB7F02C3E95580050FB67 /* Products */ = {
			isa = PBXGroup;
			children = (
				02BDB7EF2C3E95580050FB67 /* Handy.framework */,
			);
			name = Products;
			sourceTree = "<group>";
		};
		02BDB7F12C3E95580050FB67 /* Handy */ = {
			isa = PBXGroup;
			children = (
				02BDB7F92C3E962D0050FB67 /* Source */,
				02BDB7F22C3E95580050FB67 /* Handy.h */,
			);
			path = Handy;
			sourceTree = "<group>";
		};
		02BDB7F92C3E962D0050FB67 /* Source */ = {
			isa = PBXGroup;
			children = (
				02BDB7FA2C3E964A0050FB67 /* Foundation */,
			);
			path = Source;
			sourceTree = "<group>";
		};
		02BDB7FA2C3E964A0050FB67 /* Foundation */ = {
			isa = PBXGroup;
			children = (
				02BDB7FB2C3E99920050FB67 /* HandyFont.swift */,
				E5669A3E2C443E7300DABC21 /* HandyColor.swift */,
			);
			path = Foundation;
			sourceTree = "<group>";
		};
		E5669A402C443F7100DABC21 /* Handy-Essential */ = {
			isa = PBXGroup;
			children = (
				E5669A412C443FA100DABC21 /* Foundation */,
				E5669A472C44447900DABC21 /* Handy_Essential.h */,
			);
			path = "Handy-Essential";
			sourceTree = "<group>";
		};
		E5669A412C443FA100DABC21 /* Foundation */ = {
			isa = PBXGroup;
			children = (
				E5669A422C443FE500DABC21 /* HandyBasicColor.xcassets */,
			);
			path = Foundation;
			sourceTree = "<group>";
		};
/* End PBXGroup section */

/* Begin PBXHeadersBuildPhase section */
		02BDB7EA2C3E95580050FB67 /* Headers */ = {
			isa = PBXHeadersBuildPhase;
			buildActionMask = 2147483647;
			files = (
				02BDB7F32C3E95580050FB67 /* Handy.h in Headers */,
			);
			runOnlyForDeploymentPostprocessing = 0;
		};
/* End PBXHeadersBuildPhase section */

/* Begin PBXNativeTarget section */
		02BDB7EE2C3E95580050FB67 /* Handy */ = {
			isa = PBXNativeTarget;
			buildConfigurationList = 02BDB7F62C3E95580050FB67 /* Build configuration list for PBXNativeTarget "Handy" */;
			buildPhases = (
				02BDB7EA2C3E95580050FB67 /* Headers */,
				02BDB7EB2C3E95580050FB67 /* Sources */,
				02BDB7EC2C3E95580050FB67 /* Frameworks */,
				02BDB7ED2C3E95580050FB67 /* Resources */,
			);
			buildRules = (
			);
			dependencies = (
			);
			name = Handy;
			productName = Handy;
			productReference = 02BDB7EF2C3E95580050FB67 /* Handy.framework */;
			productType = "com.apple.product-type.framework";
		};
/* End PBXNativeTarget section */

/* Begin PBXProject section */
		02BDB7E62C3E95580050FB67 /* Project object */ = {
			isa = PBXProject;
			attributes = {
				BuildIndependentTargetsInParallel = 1;
				LastUpgradeCheck = 1500;
				TargetAttributes = {
					02BDB7EE2C3E95580050FB67 = {
						CreatedOnToolsVersion = 15.0.1;
						LastSwiftMigration = 1500;
					};
				};
			};
			buildConfigurationList = 02BDB7E92C3E95580050FB67 /* Build configuration list for PBXProject "Handy" */;
			compatibilityVersion = "Xcode 14.0";
			developmentRegion = en;
			hasScannedForEncodings = 0;
			knownRegions = (
				en,
				Base,
			);
			mainGroup = 02BDB7E52C3E95580050FB67;
			productRefGroup = 02BDB7F02C3E95580050FB67 /* Products */;
			projectDirPath = "";
			projectRoot = "";
			targets = (
				02BDB7EE2C3E95580050FB67 /* Handy */,
			);
		};
/* End PBXProject section */

/* Begin PBXResourcesBuildPhase section */
		02BDB7ED2C3E95580050FB67 /* Resources */ = {
			isa = PBXResourcesBuildPhase;
			buildActionMask = 2147483647;
			files = (
				E5669A452C44431100DABC21 /* HandyBasicColor.xcassets in Resources */,
			);
			runOnlyForDeploymentPostprocessing = 0;
		};
/* End PBXResourcesBuildPhase section */

/* Begin PBXSourcesBuildPhase section */
		02BDB7EB2C3E95580050FB67 /* Sources */ = {
			isa = PBXSourcesBuildPhase;
			buildActionMask = 2147483647;
			files = (
				E5669A3F2C443E7300DABC21 /* HandyColor.swift in Sources */,
				02BDB7FC2C3E99920050FB67 /* HandyFont.swift in Sources */,
			);
			runOnlyForDeploymentPostprocessing = 0;
		};
/* End PBXSourcesBuildPhase section */

/* Begin XCBuildConfiguration section */
		02BDB7F42C3E95580050FB67 /* Debug */ = {
			isa = XCBuildConfiguration;
			buildSettings = {
				ALWAYS_SEARCH_USER_PATHS = NO;
				ASSETCATALOG_COMPILER_GENERATE_SWIFT_ASSET_SYMBOL_EXTENSIONS = YES;
				CLANG_ANALYZER_NONNULL = YES;
				CLANG_ANALYZER_NUMBER_OBJECT_CONVERSION = YES_AGGRESSIVE;
				CLANG_CXX_LANGUAGE_STANDARD = "gnu++20";
				CLANG_ENABLE_MODULES = YES;
				CLANG_ENABLE_OBJC_ARC = YES;
				CLANG_ENABLE_OBJC_WEAK = YES;
				CLANG_WARN_BLOCK_CAPTURE_AUTORELEASING = YES;
				CLANG_WARN_BOOL_CONVERSION = YES;
				CLANG_WARN_COMMA = YES;
				CLANG_WARN_CONSTANT_CONVERSION = YES;
				CLANG_WARN_DEPRECATED_OBJC_IMPLEMENTATIONS = YES;
				CLANG_WARN_DIRECT_OBJC_ISA_USAGE = YES_ERROR;
				CLANG_WARN_DOCUMENTATION_COMMENTS = YES;
				CLANG_WARN_EMPTY_BODY = YES;
				CLANG_WARN_ENUM_CONVERSION = YES;
				CLANG_WARN_INFINITE_RECURSION = YES;
				CLANG_WARN_INT_CONVERSION = YES;
				CLANG_WARN_NON_LITERAL_NULL_CONVERSION = YES;
				CLANG_WARN_OBJC_IMPLICIT_RETAIN_SELF = YES;
				CLANG_WARN_OBJC_LITERAL_CONVERSION = YES;
				CLANG_WARN_OBJC_ROOT_CLASS = YES_ERROR;
				CLANG_WARN_QUOTED_INCLUDE_IN_FRAMEWORK_HEADER = YES;
				CLANG_WARN_RANGE_LOOP_ANALYSIS = YES;
				CLANG_WARN_STRICT_PROTOTYPES = YES;
				CLANG_WARN_SUSPICIOUS_MOVE = YES;
				CLANG_WARN_UNGUARDED_AVAILABILITY = YES_AGGRESSIVE;
				CLANG_WARN_UNREACHABLE_CODE = YES;
				CLANG_WARN__DUPLICATE_METHOD_MATCH = YES;
				COPY_PHASE_STRIP = NO;
				CURRENT_PROJECT_VERSION = 1;
				DEBUG_INFORMATION_FORMAT = dwarf;
				ENABLE_STRICT_OBJC_MSGSEND = YES;
				ENABLE_TESTABILITY = YES;
				ENABLE_USER_SCRIPT_SANDBOXING = YES;
				GCC_C_LANGUAGE_STANDARD = gnu17;
				GCC_DYNAMIC_NO_PIC = NO;
				GCC_NO_COMMON_BLOCKS = YES;
				GCC_OPTIMIZATION_LEVEL = 0;
				GCC_PREPROCESSOR_DEFINITIONS = (
					"DEBUG=1",
					"$(inherited)",
				);
				GCC_WARN_64_TO_32_BIT_CONVERSION = YES;
				GCC_WARN_ABOUT_RETURN_TYPE = YES_ERROR;
				GCC_WARN_UNDECLARED_SELECTOR = YES;
				GCC_WARN_UNINITIALIZED_AUTOS = YES_AGGRESSIVE;
				GCC_WARN_UNUSED_FUNCTION = YES;
				GCC_WARN_UNUSED_VARIABLE = YES;
				IPHONEOS_DEPLOYMENT_TARGET = 17.0;
				LOCALIZATION_PREFERS_STRING_CATALOGS = YES;
				MTL_ENABLE_DEBUG_INFO = INCLUDE_SOURCE;
				MTL_FAST_MATH = YES;
				ONLY_ACTIVE_ARCH = YES;
				SDKROOT = iphoneos;
				SWIFT_ACTIVE_COMPILATION_CONDITIONS = "DEBUG $(inherited)";
				SWIFT_OPTIMIZATION_LEVEL = "-Onone";
				VERSIONING_SYSTEM = "apple-generic";
				VERSION_INFO_PREFIX = "";
			};
			name = Debug;
		};
		02BDB7F52C3E95580050FB67 /* Release */ = {
			isa = XCBuildConfiguration;
			buildSettings = {
				ALWAYS_SEARCH_USER_PATHS = NO;
				ASSETCATALOG_COMPILER_GENERATE_SWIFT_ASSET_SYMBOL_EXTENSIONS = YES;
				CLANG_ANALYZER_NONNULL = YES;
				CLANG_ANALYZER_NUMBER_OBJECT_CONVERSION = YES_AGGRESSIVE;
				CLANG_CXX_LANGUAGE_STANDARD = "gnu++20";
				CLANG_ENABLE_MODULES = YES;
				CLANG_ENABLE_OBJC_ARC = YES;
				CLANG_ENABLE_OBJC_WEAK = YES;
				CLANG_WARN_BLOCK_CAPTURE_AUTORELEASING = YES;
				CLANG_WARN_BOOL_CONVERSION = YES;
				CLANG_WARN_COMMA = YES;
				CLANG_WARN_CONSTANT_CONVERSION = YES;
				CLANG_WARN_DEPRECATED_OBJC_IMPLEMENTATIONS = YES;
				CLANG_WARN_DIRECT_OBJC_ISA_USAGE = YES_ERROR;
				CLANG_WARN_DOCUMENTATION_COMMENTS = YES;
				CLANG_WARN_EMPTY_BODY = YES;
				CLANG_WARN_ENUM_CONVERSION = YES;
				CLANG_WARN_INFINITE_RECURSION = YES;
				CLANG_WARN_INT_CONVERSION = YES;
				CLANG_WARN_NON_LITERAL_NULL_CONVERSION = YES;
				CLANG_WARN_OBJC_IMPLICIT_RETAIN_SELF = YES;
				CLANG_WARN_OBJC_LITERAL_CONVERSION = YES;
				CLANG_WARN_OBJC_ROOT_CLASS = YES_ERROR;
				CLANG_WARN_QUOTED_INCLUDE_IN_FRAMEWORK_HEADER = YES;
				CLANG_WARN_RANGE_LOOP_ANALYSIS = YES;
				CLANG_WARN_STRICT_PROTOTYPES = YES;
				CLANG_WARN_SUSPICIOUS_MOVE = YES;
				CLANG_WARN_UNGUARDED_AVAILABILITY = YES_AGGRESSIVE;
				CLANG_WARN_UNREACHABLE_CODE = YES;
				CLANG_WARN__DUPLICATE_METHOD_MATCH = YES;
				COPY_PHASE_STRIP = NO;
				CURRENT_PROJECT_VERSION = 1;
				DEBUG_INFORMATION_FORMAT = "dwarf-with-dsym";
				ENABLE_NS_ASSERTIONS = NO;
				ENABLE_STRICT_OBJC_MSGSEND = YES;
				ENABLE_USER_SCRIPT_SANDBOXING = YES;
				GCC_C_LANGUAGE_STANDARD = gnu17;
				GCC_NO_COMMON_BLOCKS = YES;
				GCC_WARN_64_TO_32_BIT_CONVERSION = YES;
				GCC_WARN_ABOUT_RETURN_TYPE = YES_ERROR;
				GCC_WARN_UNDECLARED_SELECTOR = YES;
				GCC_WARN_UNINITIALIZED_AUTOS = YES_AGGRESSIVE;
				GCC_WARN_UNUSED_FUNCTION = YES;
				GCC_WARN_UNUSED_VARIABLE = YES;
				IPHONEOS_DEPLOYMENT_TARGET = 17.0;
				LOCALIZATION_PREFERS_STRING_CATALOGS = YES;
				MTL_ENABLE_DEBUG_INFO = NO;
				MTL_FAST_MATH = YES;
				SDKROOT = iphoneos;
				SWIFT_COMPILATION_MODE = wholemodule;
				VALIDATE_PRODUCT = YES;
				VERSIONING_SYSTEM = "apple-generic";
				VERSION_INFO_PREFIX = "";
			};
			name = Release;
		};
		02BDB7F72C3E95580050FB67 /* Debug */ = {
			isa = XCBuildConfiguration;
			buildSettings = {
				CLANG_ENABLE_MODULES = YES;
				CODE_SIGN_STYLE = Automatic;
				CURRENT_PROJECT_VERSION = 1;
				DEFINES_MODULE = YES;
				DEVELOPMENT_TEAM = 2N3PMJ78CA;
				DYLIB_COMPATIBILITY_VERSION = 1;
				DYLIB_CURRENT_VERSION = 1;
				DYLIB_INSTALL_NAME_BASE = "@rpath";
				ENABLE_MODULE_VERIFIER = YES;
				GENERATE_INFOPLIST_FILE = YES;
				INFOPLIST_KEY_NSHumanReadableCopyright = "";
				INFOPLIST_KEY_UIUserInterfaceStyle = Light;
				INSTALL_PATH = "$(LOCAL_LIBRARY_DIR)/Frameworks";
				LD_RUNPATH_SEARCH_PATHS = (
					"$(inherited)",
					"@executable_path/Frameworks",
					"@loader_path/Frameworks",
				);
				MARKETING_VERSION = 1.0;
				MODULE_VERIFIER_SUPPORTED_LANGUAGES = "objective-c objective-c++";
				MODULE_VERIFIER_SUPPORTED_LANGUAGE_STANDARDS = "gnu17 gnu++20";
				PRODUCT_BUNDLE_IDENTIFIER = net.joeun.Handy;
				PRODUCT_NAME = "$(TARGET_NAME:c99extidentifier)";
				SKIP_INSTALL = YES;
				SWIFT_EMIT_LOC_STRINGS = YES;
				SWIFT_OPTIMIZATION_LEVEL = "-Onone";
				SWIFT_VERSION = 5.0;
				TARGETED_DEVICE_FAMILY = "1,2";
			};
			name = Debug;
		};
		02BDB7F82C3E95580050FB67 /* Release */ = {
			isa = XCBuildConfiguration;
			buildSettings = {
				CLANG_ENABLE_MODULES = YES;
				CODE_SIGN_STYLE = Automatic;
				CURRENT_PROJECT_VERSION = 1;
				DEFINES_MODULE = YES;
				DEVELOPMENT_TEAM = 2N3PMJ78CA;
				DYLIB_COMPATIBILITY_VERSION = 1;
				DYLIB_CURRENT_VERSION = 1;
				DYLIB_INSTALL_NAME_BASE = "@rpath";
				ENABLE_MODULE_VERIFIER = YES;
				GENERATE_INFOPLIST_FILE = YES;
				INFOPLIST_KEY_NSHumanReadableCopyright = "";
				INFOPLIST_KEY_UIUserInterfaceStyle = Light;
				INSTALL_PATH = "$(LOCAL_LIBRARY_DIR)/Frameworks";
				LD_RUNPATH_SEARCH_PATHS = (
					"$(inherited)",
					"@executable_path/Frameworks",
					"@loader_path/Frameworks",
				);
				MARKETING_VERSION = 1.0;
				MODULE_VERIFIER_SUPPORTED_LANGUAGES = "objective-c objective-c++";
				MODULE_VERIFIER_SUPPORTED_LANGUAGE_STANDARDS = "gnu17 gnu++20";
				PRODUCT_BUNDLE_IDENTIFIER = net.joeun.Handy;
				PRODUCT_NAME = "$(TARGET_NAME:c99extidentifier)";
				SKIP_INSTALL = YES;
				SWIFT_EMIT_LOC_STRINGS = YES;
				SWIFT_VERSION = 5.0;
				TARGETED_DEVICE_FAMILY = "1,2";
			};
			name = Release;
		};
/* End XCBuildConfiguration section */

/* Begin XCConfigurationList section */
		02BDB7E92C3E95580050FB67 /* Build configuration list for PBXProject "Handy" */ = {
			isa = XCConfigurationList;
			buildConfigurations = (
				02BDB7F42C3E95580050FB67 /* Debug */,
				02BDB7F52C3E95580050FB67 /* Release */,
			);
			defaultConfigurationIsVisible = 0;
			defaultConfigurationName = Release;
		};
		02BDB7F62C3E95580050FB67 /* Build configuration list for PBXNativeTarget "Handy" */ = {
			isa = XCConfigurationList;
			buildConfigurations = (
				02BDB7F72C3E95580050FB67 /* Debug */,
				02BDB7F82C3E95580050FB67 /* Release */,
			);
			defaultConfigurationIsVisible = 0;
			defaultConfigurationName = Release;
		};
/* End XCConfigurationList section */
	};
	rootObject = 02BDB7E62C3E95580050FB67 /* Project object */;
}
